// !$*UTF8*$!
{
	archiveVersion = 1;
	classes = {
	};
	objectVersion = 77;
	objects = {

/* Begin PBXContainerItemProxy section */
		27384AB12CD6AC830022710D /* PBXContainerItemProxy */ = {
			isa = PBXContainerItemProxy;
			containerPortal = 27384A982CD6AC820022710D /* Project object */;
			proxyType = 1;
			remoteGlobalIDString = 27384A9F2CD6AC820022710D;
			remoteInfo = "iOS Development Learning";
		};
		27384ABB2CD6AC830022710D /* PBXContainerItemProxy */ = {
			isa = PBXContainerItemProxy;
			containerPortal = 27384A982CD6AC820022710D /* Project object */;
			proxyType = 1;
			remoteGlobalIDString = 27384A9F2CD6AC820022710D;
			remoteInfo = "iOS Development Learning";
		};
/* End PBXContainerItemProxy section */

/* Begin PBXFileReference section */
		27384AA02CD6AC820022710D /* iOS Development Learning.app */ = {isa = PBXFileReference; explicitFileType = wrapper.application; includeInIndex = 0; path = "iOS Development Learning.app"; sourceTree = BUILT_PRODUCTS_DIR; };
		27384AB02CD6AC830022710D /* iOS Development LearningTests.xctest */ = {isa = PBXFileReference; explicitFileType = wrapper.cfbundle; includeInIndex = 0; path = "iOS Development LearningTests.xctest"; sourceTree = BUILT_PRODUCTS_DIR; };
		27384ABA2CD6AC830022710D /* iOS Development LearningUITests.xctest */ = {isa = PBXFileReference; explicitFileType = wrapper.cfbundle; includeInIndex = 0; path = "iOS Development LearningUITests.xctest"; sourceTree = BUILT_PRODUCTS_DIR; };
/* End PBXFileReference section */

/* Begin PBXFileSystemSynchronizedRootGroup section */
		27384AA22CD6AC820022710D /* iOS Development Learning */ = {
			isa = PBXFileSystemSynchronizedRootGroup;
			path = "iOS Development Learning";
			sourceTree = "<group>";
		};
		27384AB32CD6AC830022710D /* iOS Development LearningTests */ = {
			isa = PBXFileSystemSynchronizedRootGroup;
			path = "iOS Development LearningTests";
			sourceTree = "<group>";
		};
		27384ABD2CD6AC830022710D /* iOS Development LearningUITests */ = {
			isa = PBXFileSystemSynchronizedRootGroup;
			path = "iOS Development LearningUITests";
			sourceTree = "<group>";
		};
/* End PBXFileSystemSynchronizedRootGroup section */

/* Begin PBXFrameworksBuildPhase section */
		27384A9D2CD6AC820022710D /* Frameworks */ = {
			isa = PBXFrameworksBuildPhase;
			buildActionMask = 2147483647;
			files = (
			);
			runOnlyForDeploymentPostprocessing = 0;
		};
		27384AAD2CD6AC830022710D /* Frameworks */ = {
			isa = PBXFrameworksBuildPhase;
			buildActionMask = 2147483647;
			files = (
			);
			runOnlyForDeploymentPostprocessing = 0;
		};
		27384AB72CD6AC830022710D /* Frameworks */ = {
			isa = PBXFrameworksBuildPhase;
			buildActionMask = 2147483647;
			files = (
			);
			runOnlyForDeploymentPostprocessing = 0;
		};
/* End PBXFrameworksBuildPhase section */

/* Begin PBXGroup section */
		27384A972CD6AC820022710D = {
			isa = PBXGroup;
			children = (
				27384AA22CD6AC820022710D /* iOS Development Learning */,
				27384AB32CD6AC830022710D /* iOS Development LearningTests */,
				27384ABD2CD6AC830022710D /* iOS Development LearningUITests */,
				27384AA12CD6AC820022710D /* Products */,
			);
			sourceTree = "<group>";
		};
		27384AA12CD6AC820022710D /* Products */ = {
			isa = PBXGroup;
			children = (
				27384AA02CD6AC820022710D /* iOS Development Learning.app */,
				27384AB02CD6AC830022710D /* iOS Development LearningTests.xctest */,
				27384ABA2CD6AC830022710D /* iOS Development LearningUITests.xctest */,
			);
			name = Products;
			sourceTree = "<group>";
		};
/* End PBXGroup section */

/* Begin PBXNativeTarget section */
		27384A9F2CD6AC820022710D /* iOS Development Learning */ = {
			isa = PBXNativeTarget;
			buildConfigurationList = 27384AC42CD6AC830022710D /* Build configuration list for PBXNativeTarget "iOS Development Learning" */;
			buildPhases = (
				27384A9C2CD6AC820022710D /* Sources */,
				27384A9D2CD6AC820022710D /* Frameworks */,
				27384A9E2CD6AC820022710D /* Resources */,
			);
			buildRules = (
			);
			dependencies = (
			);
			fileSystemSynchronizedGroups = (
				27384AA22CD6AC820022710D /* iOS Development Learning */,
			);
			name = "iOS Development Learning";
			packageProductDependencies = (
			);
			productName = "iOS Development Learning";
			productReference = 27384AA02CD6AC820022710D /* iOS Development Learning.app */;
			productType = "com.apple.product-type.application";
		};
		27384AAF2CD6AC830022710D /* iOS Development LearningTests */ = {
			isa = PBXNativeTarget;
			buildConfigurationList = 27384AC72CD6AC830022710D /* Build configuration list for PBXNativeTarget "iOS Development LearningTests" */;
			buildPhases = (
				27384AAC2CD6AC830022710D /* Sources */,
				27384AAD2CD6AC830022710D /* Frameworks */,
				27384AAE2CD6AC830022710D /* Resources */,
			);
			buildRules = (
			);
			dependencies = (
				27384AB22CD6AC830022710D /* PBXTargetDependency */,
			);
			fileSystemSynchronizedGroups = (
				27384AB32CD6AC830022710D /* iOS Development LearningTests */,
			);
			name = "iOS Development LearningTests";
			packageProductDependencies = (
			);
			productName = "iOS Development LearningTests";
			productReference = 27384AB02CD6AC830022710D /* iOS Development LearningTests.xctest */;
			productType = "com.apple.product-type.bundle.unit-test";
		};
		27384AB92CD6AC830022710D /* iOS Development LearningUITests */ = {
			isa = PBXNativeTarget;
			buildConfigurationList = 27384ACA2CD6AC830022710D /* Build configuration list for PBXNativeTarget "iOS Development LearningUITests" */;
			buildPhases = (
				27384AB62CD6AC830022710D /* Sources */,
				27384AB72CD6AC830022710D /* Frameworks */,
				27384AB82CD6AC830022710D /* Resources */,
			);
			buildRules = (
			);
			dependencies = (
				27384ABC2CD6AC830022710D /* PBXTargetDependency */,
			);
			fileSystemSynchronizedGroups = (
				27384ABD2CD6AC830022710D /* iOS Development LearningUITests */,
			);
			name = "iOS Development LearningUITests";
			packageProductDependencies = (
			);
			productName = "iOS Development LearningUITests";
			productReference = 27384ABA2CD6AC830022710D /* iOS Development LearningUITests.xctest */;
			productType = "com.apple.product-type.bundle.ui-testing";
		};
/* End PBXNativeTarget section */

/* Begin PBXProject section */
		27384A982CD6AC820022710D /* Project object */ = {
			isa = PBXProject;
			attributes = {
				BuildIndependentTargetsInParallel = 1;
				LastSwiftUpdateCheck = 1610;
				LastUpgradeCheck = 1610;
				TargetAttributes = {
					27384A9F2CD6AC820022710D = {
						CreatedOnToolsVersion = 16.1;
					};
					27384AAF2CD6AC830022710D = {
						CreatedOnToolsVersion = 16.1;
						TestTargetID = 27384A9F2CD6AC820022710D;
					};
					27384AB92CD6AC830022710D = {
						CreatedOnToolsVersion = 16.1;
						TestTargetID = 27384A9F2CD6AC820022710D;
					};
				};
			};
			buildConfigurationList = 27384A9B2CD6AC820022710D /* Build configuration list for PBXProject "iOS Development Learning" */;
			developmentRegion = en;
			hasScannedForEncodings = 0;
			knownRegions = (
				en,
				Base,
			);
			mainGroup = 27384A972CD6AC820022710D;
			minimizedProjectReferenceProxies = 1;
			preferredProjectObjectVersion = 77;
			productRefGroup = 27384AA12CD6AC820022710D /* Products */;
			projectDirPath = "";
			projectRoot = "";
			targets = (
				27384A9F2CD6AC820022710D /* iOS Development Learning */,
				27384AAF2CD6AC830022710D /* iOS Development LearningTests */,
				27384AB92CD6AC830022710D /* iOS Development LearningUITests */,
			);
		};
/* End PBXProject section */

/* Begin PBXResourcesBuildPhase section */
		27384A9E2CD6AC820022710D /* Resources */ = {
			isa = PBXResourcesBuildPhase;
			buildActionMask = 2147483647;
			files = (
			);
			runOnlyForDeploymentPostprocessing = 0;
		};
		27384AAE2CD6AC830022710D /* Resources */ = {
			isa = PBXResourcesBuildPhase;
			buildActionMask = 2147483647;
			files = (
			);
			runOnlyForDeploymentPostprocessing = 0;
		};
		27384AB82CD6AC830022710D /* Resources */ = {
			isa = PBXResourcesBuildPhase;
			buildActionMask = 2147483647;
			files = (
			);
			runOnlyForDeploymentPostprocessing = 0;
		};
/* End PBXResourcesBuildPhase section */

/* Begin PBXSourcesBuildPhase section */
		27384A9C2CD6AC820022710D /* Sources */ = {
			isa = PBXSourcesBuildPhase;
			buildActionMask = 2147483647;
			files = (
			);
			runOnlyForDeploymentPostprocessing = 0;
		};
		27384AAC2CD6AC830022710D /* Sources */ = {
			isa = PBXSourcesBuildPhase;
			buildActionMask = 2147483647;
			files = (
			);
			runOnlyForDeploymentPostprocessing = 0;
		};
		27384AB62CD6AC830022710D /* Sources */ = {
			isa = PBXSourcesBuildPhase;
			buildActionMask = 2147483647;
			files = (
			);
			runOnlyForDeploymentPostprocessing = 0;
		};
/* End PBXSourcesBuildPhase section */

/* Begin PBXTargetDependency section */
		27384AB22CD6AC830022710D /* PBXTargetDependency */ = {
			isa = PBXTargetDependency;
			target = 27384A9F2CD6AC820022710D /* iOS Development Learning */;
			targetProxy = 27384AB12CD6AC830022710D /* PBXContainerItemProxy */;
		};
		27384ABC2CD6AC830022710D /* PBXTargetDependency */ = {
			isa = PBXTargetDependency;
			target = 27384A9F2CD6AC820022710D /* iOS Development Learning */;
			targetProxy = 27384ABB2CD6AC830022710D /* PBXContainerItemProxy */;
		};
/* End PBXTargetDependency section */

/* Begin XCBuildConfiguration section */
		27384AC22CD6AC830022710D /* Debug */ = {
			isa = XCBuildConfiguration;
			buildSettings = {
				ALWAYS_SEARCH_USER_PATHS = NO;
				ASSETCATALOG_COMPILER_GENERATE_SWIFT_ASSET_SYMBOL_EXTENSIONS = YES;
				CLANG_ANALYZER_NONNULL = YES;
				CLANG_ANALYZER_NUMBER_OBJECT_CONVERSION = YES_AGGRESSIVE;
				CLANG_CXX_LANGUAGE_STANDARD = "gnu++20";
				CLANG_ENABLE_MODULES = YES;
				CLANG_ENABLE_OBJC_ARC = YES;
				CLANG_ENABLE_OBJC_WEAK = YES;
				CLANG_WARN_BLOCK_CAPTURE_AUTORELEASING = YES;
				CLANG_WARN_BOOL_CONVERSION = YES;
				CLANG_WARN_COMMA = YES;
				CLANG_WARN_CONSTANT_CONVERSION = YES;
				CLANG_WARN_DEPRECATED_OBJC_IMPLEMENTATIONS = YES;
				CLANG_WARN_DIRECT_OBJC_ISA_USAGE = YES_ERROR;
				CLANG_WARN_DOCUMENTATION_COMMENTS = YES;
				CLANG_WARN_EMPTY_BODY = YES;
				CLANG_WARN_ENUM_CONVERSION = YES;
				CLANG_WARN_INFINITE_RECURSION = YES;
				CLANG_WARN_INT_CONVERSION = YES;
				CLANG_WARN_NON_LITERAL_NULL_CONVERSION = YES;
				CLANG_WARN_OBJC_IMPLICIT_RETAIN_SELF = YES;
				CLANG_WARN_OBJC_LITERAL_CONVERSION = YES;
				CLANG_WARN_OBJC_ROOT_CLASS = YES_ERROR;
				CLANG_WARN_QUOTED_INCLUDE_IN_FRAMEWORK_HEADER = YES;
				CLANG_WARN_RANGE_LOOP_ANALYSIS = YES;
				CLANG_WARN_STRICT_PROTOTYPES = YES;
				CLANG_WARN_SUSPICIOUS_MOVE = YES;
				CLANG_WARN_UNGUARDED_AVAILABILITY = YES_AGGRESSIVE;
				CLANG_WARN_UNREACHABLE_CODE = YES;
				CLANG_WARN__DUPLICATE_METHOD_MATCH = YES;
				COPY_PHASE_STRIP = NO;
				DEBUG_INFORMATION_FORMAT = dwarf;
				ENABLE_STRICT_OBJC_MSGSEND = YES;
				ENABLE_TESTABILITY = YES;
				ENABLE_USER_SCRIPT_SANDBOXING = YES;
				GCC_C_LANGUAGE_STANDARD = gnu17;
				GCC_DYNAMIC_NO_PIC = NO;
				GCC_NO_COMMON_BLOCKS = YES;
				GCC_OPTIMIZATION_LEVEL = 0;
				GCC_PREPROCESSOR_DEFINITIONS = (
					"DEBUG=1",
					"$(inherited)",
				);
				GCC_WARN_64_TO_32_BIT_CONVERSION = YES;
				GCC_WARN_ABOUT_RETURN_TYPE = YES_ERROR;
				GCC_WARN_UNDECLARED_SELECTOR = YES;
				GCC_WARN_UNINITIALIZED_AUTOS = YES_AGGRESSIVE;
				GCC_WARN_UNUSED_FUNCTION = YES;
				GCC_WARN_UNUSED_VARIABLE = YES;
				IPHONEOS_DEPLOYMENT_TARGET = 18.1;
				LOCALIZATION_PREFERS_STRING_CATALOGS = YES;
				MTL_ENABLE_DEBUG_INFO = INCLUDE_SOURCE;
				MTL_FAST_MATH = YES;
				ONLY_ACTIVE_ARCH = YES;
				SDKROOT = iphoneos;
				SWIFT_ACTIVE_COMPILATION_CONDITIONS = "DEBUG $(inherited)";
				SWIFT_OPTIMIZATION_LEVEL = "-Onone";
			};
			name = Debug;
		};
		27384AC32CD6AC830022710D /* Release */ = {
			isa = XCBuildConfiguration;
			buildSettings = {
				ALWAYS_SEARCH_USER_PATHS = NO;
				ASSETCATALOG_COMPILER_GENERATE_SWIFT_ASSET_SYMBOL_EXTENSIONS = YES;
				CLANG_ANALYZER_NONNULL = YES;
				CLANG_ANALYZER_NUMBER_OBJECT_CONVERSION = YES_AGGRESSIVE;
				CLANG_CXX_LANGUAGE_STANDARD = "gnu++20";
				CLANG_ENABLE_MODULES = YES;
				CLANG_ENABLE_OBJC_ARC = YES;
				CLANG_ENABLE_OBJC_WEAK = YES;
				CLANG_WARN_BLOCK_CAPTURE_AUTORELEASING = YES;
				CLANG_WARN_BOOL_CONVERSION = YES;
				CLANG_WARN_COMMA = YES;
				CLANG_WARN_CONSTANT_CONVERSION = YES;
				CLANG_WARN_DEPRECATED_OBJC_IMPLEMENTATIONS = YES;
				CLANG_WARN_DIRECT_OBJC_ISA_USAGE = YES_ERROR;
				CLANG_WARN_DOCUMENTATION_COMMENTS = YES;
				CLANG_WARN_EMPTY_BODY = YES;
				CLANG_WARN_ENUM_CONVERSION = YES;
				CLANG_WARN_INFINITE_RECURSION = YES;
				CLANG_WARN_INT_CONVERSION = YES;
				CLANG_WARN_NON_LITERAL_NULL_CONVERSION = YES;
				CLANG_WARN_OBJC_IMPLICIT_RETAIN_SELF = YES;
				CLANG_WARN_OBJC_LITERAL_CONVERSION = YES;
				CLANG_WARN_OBJC_ROOT_CLASS = YES_ERROR;
				CLANG_WARN_QUOTED_INCLUDE_IN_FRAMEWORK_HEADER = YES;
				CLANG_WARN_RANGE_LOOP_ANALYSIS = YES;
				CLANG_WARN_STRICT_PROTOTYPES = YES;
				CLANG_WARN_SUSPICIOUS_MOVE = YES;
				CLANG_WARN_UNGUARDED_AVAILABILITY = YES_AGGRESSIVE;
				CLANG_WARN_UNREACHABLE_CODE = YES;
				CLANG_WARN__DUPLICATE_METHOD_MATCH = YES;
				COPY_PHASE_STRIP = NO;
				DEBUG_INFORMATION_FORMAT = "dwarf-with-dsym";
				ENABLE_NS_ASSERTIONS = NO;
				ENABLE_STRICT_OBJC_MSGSEND = YES;
				ENABLE_USER_SCRIPT_SANDBOXING = YES;
				GCC_C_LANGUAGE_STANDARD = gnu17;
				GCC_NO_COMMON_BLOCKS = YES;
				GCC_WARN_64_TO_32_BIT_CONVERSION = YES;
				GCC_WARN_ABOUT_RETURN_TYPE = YES_ERROR;
				GCC_WARN_UNDECLARED_SELECTOR = YES;
				GCC_WARN_UNINITIALIZED_AUTOS = YES_AGGRESSIVE;
				GCC_WARN_UNUSED_FUNCTION = YES;
				GCC_WARN_UNUSED_VARIABLE = YES;
				IPHONEOS_DEPLOYMENT_TARGET = 18.1;
				LOCALIZATION_PREFERS_STRING_CATALOGS = YES;
				MTL_ENABLE_DEBUG_INFO = NO;
				MTL_FAST_MATH = YES;
				SDKROOT = iphoneos;
				SWIFT_COMPILATION_MODE = wholemodule;
				VALIDATE_PRODUCT = YES;
			};
			name = Release;
		};
		27384AC52CD6AC830022710D /* Debug */ = {
			isa = XCBuildConfiguration;
			buildSettings = {
				ASSETCATALOG_COMPILER_APPICON_NAME = AppIcon;
				ASSETCATALOG_COMPILER_GLOBAL_ACCENT_COLOR_NAME = AccentColor;
				CODE_SIGN_STYLE = Automatic;
				CURRENT_PROJECT_VERSION = 1;
				DEVELOPMENT_ASSET_PATHS = "\"iOS Development Learning/Preview Content\"";
				DEVELOPMENT_TEAM = 92MGX6799X;
				ENABLE_PREVIEWS = YES;
				GENERATE_INFOPLIST_FILE = YES;
				INFOPLIST_KEY_UIApplicationSceneManifest_Generation = YES;
				INFOPLIST_KEY_UIApplicationSupportsIndirectInputEvents = YES;
				INFOPLIST_KEY_UILaunchScreen_Generation = YES;
				INFOPLIST_KEY_UISupportedInterfaceOrientations_iPad = "UIInterfaceOrientationPortrait UIInterfaceOrientationPortraitUpsideDown UIInterfaceOrientationLandscapeLeft UIInterfaceOrientationLandscapeRight";
				INFOPLIST_KEY_UISupportedInterfaceOrientations_iPhone = "UIInterfaceOrientationPortrait UIInterfaceOrientationLandscapeLeft UIInterfaceOrientationLandscapeRight";
				LD_RUNPATH_SEARCH_PATHS = (
					"$(inherited)",
					"@executable_path/Frameworks",
				);
				MARKETING_VERSION = 1.0;
				PRODUCT_BUNDLE_IDENTIFIER = "com.volchkou.iOS-Development-Learning";
				PRODUCT_NAME = "$(TARGET_NAME)";
				SWIFT_EMIT_LOC_STRINGS = YES;
				SWIFT_VERSION = 5.0;
				TARGETED_DEVICE_FAMILY = "1,2";
			};
			name = Debug;
		};
		27384AC62CD6AC830022710D /* Release */ = {
			isa = XCBuildConfiguration;
			buildSettings = {
				ASSETCATALOG_COMPILER_APPICON_NAME = AppIcon;
				ASSETCATALOG_COMPILER_GLOBAL_ACCENT_COLOR_NAME = AccentColor;
				CODE_SIGN_STYLE = Automatic;
				CURRENT_PROJECT_VERSION = 1;
				DEVELOPMENT_ASSET_PATHS = "\"iOS Development Learning/Preview Content\"";
				DEVELOPMENT_TEAM = 92MGX6799X;
				ENABLE_PREVIEWS = YES;
				GENERATE_INFOPLIST_FILE = YES;
				INFOPLIST_KEY_UIApplicationSceneManifest_Generation = YES;
				INFOPLIST_KEY_UIApplicationSupportsIndirectInputEvents = YES;
				INFOPLIST_KEY_UILaunchScreen_Generation = YES;
				INFOPLIST_KEY_UISupportedInterfaceOrientations_iPad = "UIInterfaceOrientationPortrait UIInterfaceOrientationPortraitUpsideDown UIInterfaceOrientationLandscapeLeft UIInterfaceOrientationLandscapeRight";
				INFOPLIST_KEY_UISupportedInterfaceOrientations_iPhone = "UIInterfaceOrientationPortrait UIInterfaceOrientationLandscapeLeft UIInterfaceOrientationLandscapeRight";
				LD_RUNPATH_SEARCH_PATHS = (
					"$(inherited)",
					"@executable_path/Frameworks",
				);
				MARKETING_VERSION = 1.0;
				PRODUCT_BUNDLE_IDENTIFIER = "com.volchkou.iOS-Development-Learning";
				PRODUCT_NAME = "$(TARGET_NAME)";
				SWIFT_EMIT_LOC_STRINGS = YES;
				SWIFT_VERSION = 5.0;
				TARGETED_DEVICE_FAMILY = "1,2";
			};
			name = Release;
		};
		27384AC82CD6AC830022710D /* Debug */ = {
			isa = XCBuildConfiguration;
			buildSettings = {
				BUNDLE_LOADER = "$(TEST_HOST)";
				CODE_SIGN_STYLE = Automatic;
				CURRENT_PROJECT_VERSION = 1;
				DEVELOPMENT_TEAM = 92MGX6799X;
				GENERATE_INFOPLIST_FILE = YES;
				IPHONEOS_DEPLOYMENT_TARGET = 18.1;
				MARKETING_VERSION = 1.0;
				PRODUCT_BUNDLE_IDENTIFIER = "com.volchkou.iOS-Development-LearningTests";
				PRODUCT_NAME = "$(TARGET_NAME)";
				SWIFT_EMIT_LOC_STRINGS = NO;
				SWIFT_VERSION = 5.0;
				TARGETED_DEVICE_FAMILY = "1,2";
				TEST_HOST = "$(BUILT_PRODUCTS_DIR)/iOS Development Learning.app/$(BUNDLE_EXECUTABLE_FOLDER_PATH)/iOS Development Learning";
			};
			name = Debug;
		};
		27384AC92CD6AC830022710D /* Release */ = {
			isa = XCBuildConfiguration;
			buildSettings = {
				BUNDLE_LOADER = "$(TEST_HOST)";
				CODE_SIGN_STYLE = Automatic;
				CURRENT_PROJECT_VERSION = 1;
				DEVELOPMENT_TEAM = 92MGX6799X;
				GENERATE_INFOPLIST_FILE = YES;
				IPHONEOS_DEPLOYMENT_TARGET = 18.1;
				MARKETING_VERSION = 1.0;
				PRODUCT_BUNDLE_IDENTIFIER = "com.volchkou.iOS-Development-LearningTests";
				PRODUCT_NAME = "$(TARGET_NAME)";
				SWIFT_EMIT_LOC_STRINGS = NO;
				SWIFT_VERSION = 5.0;
				TARGETED_DEVICE_FAMILY = "1,2";
				TEST_HOST = "$(BUILT_PRODUCTS_DIR)/iOS Development Learning.app/$(BUNDLE_EXECUTABLE_FOLDER_PATH)/iOS Development Learning";
			};
			name = Release;
		};
		27384ACB2CD6AC830022710D /* Debug */ = {
			isa = XCBuildConfiguration;
			buildSettings = {
				CODE_SIGN_STYLE = Automatic;
				CURRENT_PROJECT_VERSION = 1;
				DEVELOPMENT_TEAM = 92MGX6799X;
				GENERATE_INFOPLIST_FILE = YES;
				MARKETING_VERSION = 1.0;
				PRODUCT_BUNDLE_IDENTIFIER = "com.volchkou.iOS-Development-LearningUITests";
				PRODUCT_NAME = "$(TARGET_NAME)";
				SWIFT_EMIT_LOC_STRINGS = NO;
				SWIFT_VERSION = 5.0;
				TARGETED_DEVICE_FAMILY = "1,2";
				TEST_TARGET_NAME = "iOS Development Learning";
			};
			name = Debug;
		};
		27384ACC2CD6AC830022710D /* Release */ = {
			isa = XCBuildConfiguration;
			buildSettings = {
				CODE_SIGN_STYLE = Automatic;
				CURRENT_PROJECT_VERSION = 1;
				DEVELOPMENT_TEAM = 92MGX6799X;
				GENERATE_INFOPLIST_FILE = YES;
				MARKETING_VERSION = 1.0;
				PRODUCT_BUNDLE_IDENTIFIER = "com.volchkou.iOS-Development-LearningUITests";
				PRODUCT_NAME = "$(TARGET_NAME)";
				SWIFT_EMIT_LOC_STRINGS = NO;
				SWIFT_VERSION = 5.0;
				TARGETED_DEVICE_FAMILY = "1,2";
				TEST_TARGET_NAME = "iOS Development Learning";
			};
			name = Release;
		};
/* End XCBuildConfiguration section */

/* Begin XCConfigurationList section */
		27384A9B2CD6AC820022710D /* Build configuration list for PBXProject "iOS Development Learning" */ = {
			isa = XCConfigurationList;
			buildConfigurations = (
				27384AC22CD6AC830022710D /* Debug */,
				27384AC32CD6AC830022710D /* Release */,
			);
			defaultConfigurationIsVisible = 0;
			defaultConfigurationName = Release;
		};
		27384AC42CD6AC830022710D /* Build configuration list for PBXNativeTarget "iOS Development Learning" */ = {
			isa = XCConfigurationList;
			buildConfigurations = (
				27384AC52CD6AC830022710D /* Debug */,
				27384AC62CD6AC830022710D /* Release */,
			);
			defaultConfigurationIsVisible = 0;
			defaultConfigurationName = Release;
		};
		27384AC72CD6AC830022710D /* Build configuration list for PBXNativeTarget "iOS Development LearningTests" */ = {
			isa = XCConfigurationList;
			buildConfigurations = (
				27384AC82CD6AC830022710D /* Debug */,
				27384AC92CD6AC830022710D /* Release */,
			);
			defaultConfigurationIsVisible = 0;
			defaultConfigurationName = Release;
		};
		27384ACA2CD6AC830022710D /* Build configuration list for PBXNativeTarget "iOS Development LearningUITests" */ = {
			isa = XCConfigurationList;
			buildConfigurations = (
				27384ACB2CD6AC830022710D /* Debug */,
				27384ACC2CD6AC830022710D /* Release */,
			);
			defaultConfigurationIsVisible = 0;
			defaultConfigurationName = Release;
		};
/* End XCConfigurationList section */
	};
	rootObject = 27384A982CD6AC820022710D /* Project object */;
}
